
Microsoft Visual Studio Solution File, Format Version 12.00
# Visual Studio Version 16
VisualStudioVersion = 16.0.31702.278
MinimumVisualStudioVersion = 10.0.40219.1
Project("{FAE04EC0-301F-11D3-BF4B-00C04F79EFBC}") = "MultiMonitorPosition", "MultiMonitorPosition.csproj", "{294E8F78-5EC2-4610-A213-4BC5915F2B55}"
EndProject
Global
	GlobalSection(SolutionConfigurationPlatforms) = preSolution
		Debug|Any CPU = Debug|Any CPU
		Release|Any CPU = Release|Any CPU
	EndGlobalSection
	GlobalSection(ProjectConfigurationPlatforms) = postSolution
		{294E8F78-5EC2-4610-A213-4BC5915F2B55}.Debug|Any CPU.ActiveCfg = Debug|Any CPU
		{294E8F78-5EC2-4610-A213-4BC5915F2B55}.Debug|Any CPU.Build.0 = Debug|Any CPU
		{294E8F78-5EC2-4610-A213-4BC5915F2B55}.Release|Any CPU.ActiveCfg = Release|Any CPU
		{294E8F78-5EC2-4610-A213-4BC5915F2B55}.Release|Any CPU.Build.0 = Release|Any CPU
	EndGlobalSection
	GlobalSection(SolutionProperties) = preSolution
		HideSolutionNode = FALSE
	EndGlobalSection
	GlobalSection(ExtensibilityGlobals) = postSolution
		SolutionGuid = {1E2FA9DC-B1A9-4D1A-8284-5560F5D3048D}
	EndGlobalSection
EndGlobal
